
Microsoft Visual Studio Solution File, Format Version 12.00
# Visual Studio Version 17
VisualStudioVersion = 17.0.32014.148
MinimumVisualStudioVersion = 10.0.40219.1
Project("{FAE04EC0-301F-11D3-BF4B-00C04F79EFBC}") = "AzureBlobCommunication", "AzureBlobCommunication\AzureBlobCommunication.csproj", "{35B10526-6DB3-454B-A289-4C353866430C}"
EndProject
Project("{FAE04EC0-301F-11D3-BF4B-00C04F79EFBC}") = "Blob.SDK", "Blob.SDK\Blob.SDK.csproj", "{58512256-FF5A-4F8B-B23C-E0D89D51FA83}"
EndProject
Project("{FAE04EC0-301F-11D3-BF4B-00C04F79EFBC}") = "Queue.SDK", "Queue.SDK\Queue.SDK.csproj", "{27D1B06A-FA57-4F44-B270-69A69C22C761}"
EndProject
Project("{FAE04EC0-301F-11D3-BF4B-00C04F79EFBC}") = "AzureQueueCommunication", "AzureQueueCommunication\AzureQueueCommunication.csproj", "{C551BFA8-E4F4-43EE-812E-2D9F83FB6FF8}"
EndProject
Global
	GlobalSection(SolutionConfigurationPlatforms) = preSolution
		Debug|Any CPU = Debug|Any CPU
		Release|Any CPU = Release|Any CPU
	EndGlobalSection
	GlobalSection(ProjectConfigurationPlatforms) = postSolution
		{35B10526-6DB3-454B-A289-4C353866430C}.Debug|Any CPU.ActiveCfg = Debug|Any CPU
		{35B10526-6DB3-454B-A289-4C353866430C}.Debug|Any CPU.Build.0 = Debug|Any CPU
		{35B10526-6DB3-454B-A289-4C353866430C}.Release|Any CPU.ActiveCfg = Release|Any CPU
		{35B10526-6DB3-454B-A289-4C353866430C}.Release|Any CPU.Build.0 = Release|Any CPU
		{58512256-FF5A-4F8B-B23C-E0D89D51FA83}.Debug|Any CPU.ActiveCfg = Debug|Any CPU
		{58512256-FF5A-4F8B-B23C-E0D89D51FA83}.Debug|Any CPU.Build.0 = Debug|Any CPU
		{58512256-FF5A-4F8B-B23C-E0D89D51FA83}.Release|Any CPU.ActiveCfg = Release|Any CPU
		{58512256-FF5A-4F8B-B23C-E0D89D51FA83}.Release|Any CPU.Build.0 = Release|Any CPU
		{27D1B06A-FA57-4F44-B270-69A69C22C761}.Debug|Any CPU.ActiveCfg = Debug|Any CPU
		{27D1B06A-FA57-4F44-B270-69A69C22C761}.Debug|Any CPU.Build.0 = Debug|Any CPU
		{27D1B06A-FA57-4F44-B270-69A69C22C761}.Release|Any CPU.ActiveCfg = Release|Any CPU
		{27D1B06A-FA57-4F44-B270-69A69C22C761}.Release|Any CPU.Build.0 = Release|Any CPU
		{C551BFA8-E4F4-43EE-812E-2D9F83FB6FF8}.Debug|Any CPU.ActiveCfg = Debug|Any CPU
		{C551BFA8-E4F4-43EE-812E-2D9F83FB6FF8}.Debug|Any CPU.Build.0 = Debug|Any CPU
		{C551BFA8-E4F4-43EE-812E-2D9F83FB6FF8}.Release|Any CPU.ActiveCfg = Release|Any CPU
		{C551BFA8-E4F4-43EE-812E-2D9F83FB6FF8}.Release|Any CPU.Build.0 = Release|Any CPU
	EndGlobalSection
	GlobalSection(SolutionProperties) = preSolution
		HideSolutionNode = FALSE
	EndGlobalSection
	GlobalSection(ExtensibilityGlobals) = postSolution
		SolutionGuid = {FFC31C77-9561-43AA-83A9-24D10851506F}
	EndGlobalSection
EndGlobal
